{
  "version": 4,
  "terraform_version": "1.6.3",
  "serial": 97,
  "lineage": "b9e26809-6b73-9ace-6b3b-2ae5bdeb827b",
  "outputs": {},
  "resources": [
    {
      "mode": "data",
      "type": "yandex_compute_image",
      "name": "ubuntu",
      "provider": "provider[\"registry.terraform.io/yandex-cloud/yandex\"]",
      "instances": [
        {
          "schema_version": 0,
          "attributes": {
            "created_at": "2025-11-03T11:07:06Z",
            "description": "Ubuntu 22.04 lts v20251024030416",
            "family": "ubuntu-2204-lts",
            "folder_id": "standard-images",
            "hardware_generation": [
              {
                "generation2_features": [],
                "legacy_features": [
                  {
                    "pci_topology": "PCI_TOPOLOGY_V2"
                  }
                ]
              }
            ],
            "id": "fd8afra9ojd21ihubhn2",
            "image_id": "fd8afra9ojd21ihubhn2",
            "kms_key_id": null,
            "labels": {
              "version": "20251024030416"
            },
            "min_disk_size": 8,
            "name": "ubuntu-22-04-lts-v20251103",
            "os_type": "linux",
            "pooled": true,
            "product_ids": [
              "f2evkhmnomfpae8gvrbe"
            ],
            "size": 2,
            "status": "ready"
          },
          "sensitive_attributes": []
        }
      ]
    },
    {
      "mode": "data",
      "type": "yandex_vpc_network",
      "name": "default",
      "provider": "provider[\"registry.terraform.io/yandex-cloud/yandex\"]",
      "instances": [
        {
          "schema_version": 0,
          "attributes": {
            "created_at": "2025-11-01T20:46:53Z",
            "default_security_group_id": "enpkjf2pbp6f4shng0fo",
            "description": "Auto-created network",
            "folder_id": "b1g6lad38fhaqid0smqb",
            "id": "enpqd47e0npk3t2ankg0",
            "labels": {},
            "name": "default",
            "network_id": "enpqd47e0npk3t2ankg0",
            "subnet_ids": [
              "e2l8ggcl2opsjpgc77l9",
              "e9b2gqe0401d52ujvrjn",
              "fl8ldc0lsjcbarm362r4"
            ]
          },
          "sensitive_attributes": []
        }
      ]
    },
    {
      "mode": "data",
      "type": "yandex_vpc_subnet",
      "name": "private",
      "provider": "provider[\"registry.terraform.io/yandex-cloud/yandex\"]",
      "instances": [
        {
          "schema_version": 0,
          "attributes": {
            "created_at": "2025-11-01T20:46:54Z",
            "description": "Auto-created default subnet for zone ru-central1-b in default",
            "dhcp_options": [],
            "folder_id": "b1g6lad38fhaqid0smqb",
            "id": "e2l8ggcl2opsjpgc77l9",
            "labels": {},
            "name": "private",
            "network_id": "enpqd47e0npk3t2ankg0",
            "route_table_id": "enpsodrjno6lb47n7rkp",
            "subnet_id": "e2l8ggcl2opsjpgc77l9",
            "v4_cidr_blocks": [
              "10.129.0.0/24"
            ],
            "v6_cidr_blocks": [],
            "zone": "ru-central1-b"
          },
          "sensitive_attributes": []
        }
      ]
    },
    {
      "mode": "data",
      "type": "yandex_vpc_subnet",
      "name": "public",
      "provider": "provider[\"registry.terraform.io/yandex-cloud/yandex\"]",
      "instances": [
        {
          "schema_version": 0,
          "attributes": {
            "created_at": "2025-11-01T20:46:54Z",
            "description": "Auto-created default subnet for zone ru-central1-a in default",
            "dhcp_options": [],
            "folder_id": "b1g6lad38fhaqid0smqb",
            "id": "e9b2gqe0401d52ujvrjn",
            "labels": {},
            "name": "public",
            "network_id": "enpqd47e0npk3t2ankg0",
            "route_table_id": "",
            "subnet_id": "e9b2gqe0401d52ujvrjn",
            "v4_cidr_blocks": [
              "10.128.0.0/24"
            ],
            "v6_cidr_blocks": [],
            "zone": "ru-central1-a"
          },
          "sensitive_attributes": []
        }
      ]
    },
    {
      "mode": "managed",
      "type": "yandex_compute_instance",
      "name": "private_vm",
      "provider": "provider[\"registry.terraform.io/yandex-cloud/yandex\"]",
      "instances": [
        {
          "status": "tainted",
          "schema_version": 1,
          "attributes": {
            "allow_recreate": null,
            "allow_stopping_for_update": null,
            "boot_disk": [
              {
                "auto_delete": true,
                "device_name": "epd5l7r28vl9nhfpegg2",
                "disk_id": "epd5l7r28vl9nhfpegg2",
                "initialize_params": [
                  {
                    "block_size": 4096,
                    "description": "",
                    "image_id": "fd8afra9ojd21ihubhn2",
                    "kms_key_id": "",
                    "name": "",
                    "size": 8,
                    "snapshot_id": "",
                    "type": "network-hdd"
                  }
                ],
                "mode": "READ_WRITE"
              }
            ],
            "created_at": "2025-11-04T19:47:33Z",
            "description": "",
            "filesystem": [],
            "folder_id": "b1g6lad38fhaqid0smqb",
            "fqdn": "epdh44bujljipak7ceic.auto.internal",
            "gpu_cluster_id": "",
            "hardware_generation": [
              {
                "generation2_features": [],
                "legacy_features": [
                  {
                    "pci_topology": "PCI_TOPOLOGY_V2"
                  }
                ]
              }
            ],
            "hostname": "",
            "id": "epdh44bujljipak7ceic",
            "labels": null,
            "local_disk": [],
            "maintenance_grace_period": "",
            "maintenance_policy": null,
            "metadata": {
              "ssh-keys": "ubuntu:ssh-ed25519 AAAAC3NzaC1lZDI1NTE5AAAAIFPAFMpUaALZ4JKufe13snUvH4t+avM3i1gvGNlmX8On codeby@kali",
              "user-data": "#cloud-config\npackages:\n  - nginx\nruncmd:\n  - sed -i 's/listen 80 default_server;/listen 8080 default_server;/g' /etc/nginx/sites-enabled/default\n  - systemctl enable nginx\n  - systemctl restart nginx\n"
            },
            "metadata_options": [
              {
                "aws_v1_http_endpoint": 1,
                "aws_v1_http_token": 2,
                "gce_http_endpoint": 1,
                "gce_http_token": 1
              }
            ],
            "name": "private-vm",
            "network_acceleration_type": "standard",
            "network_interface": [
              {
                "dns_record": [],
                "index": 0,
                "ip_address": "10.129.0.5",
                "ipv4": true,
                "ipv6": false,
                "ipv6_address": "",
                "ipv6_dns_record": [],
                "mac_address": "d0:0d:11:21:17:e9",
                "nat": false,
                "nat_dns_record": [],
                "nat_ip_address": "",
                "nat_ip_version": "",
                "security_group_ids": [
                  "enp6gtfgbmb6j0ivosj2"
                ],
                "subnet_id": "e2l8ggcl2opsjpgc77l9"
              }
            ],
            "placement_policy": [
              {
                "host_affinity_rules": [],
                "placement_group_id": "",
                "placement_group_partition": 0
              }
            ],
            "platform_id": "standard-v3",
            "resources": [
              {
                "core_fraction": 100,
                "cores": 2,
                "gpus": 0,
                "memory": 2
              }
            ],
            "scheduling_policy": [
              {
                "preemptible": false
              }
            ],
            "secondary_disk": [],
            "service_account_id": "",
            "status": "running",
            "timeouts": null,
            "zone": "ru-central1-b"
          },
          "sensitive_attributes": [],
          "private": "eyJlMmJmYjczMC1lY2FhLTExZTYtOGY4OC0zNDM2M2JjN2M0YzAiOnsiY3JlYXRlIjozMDAwMDAwMDAwMDAsImRlbGV0ZSI6MzAwMDAwMDAwMDAwLCJ1cGRhdGUiOjMwMDAwMDAwMDAwMH0sInNjaGVtYV92ZXJzaW9uIjoiMSJ9",
          "dependencies": [
            "data.yandex_compute_image.ubuntu",
            "data.yandex_vpc_network.default",
            "data.yandex_vpc_subnet.private",
            "yandex_vpc_security_group.private_sg"
          ]
        }
      ]
    },
    {
      "mode": "managed",
      "type": "yandex_compute_instance",
      "name": "public_vm",
      "provider": "provider[\"registry.terraform.io/yandex-cloud/yandex\"]",
      "instances": [
        {
          "status": "tainted",
          "schema_version": 1,
          "attributes": {
            "allow_recreate": null,
            "allow_stopping_for_update": null,
            "boot_disk": [
              {
                "auto_delete": true,
                "device_name": "fhm1l0dlmial527m6j3c",
                "disk_id": "fhm1l0dlmial527m6j3c",
                "initialize_params": [
                  {
                    "block_size": 4096,
                    "description": "",
                    "image_id": "fd8afra9ojd21ihubhn2",
                    "kms_key_id": "",
                    "name": "",
                    "size": 8,
                    "snapshot_id": "",
                    "type": "network-hdd"
                  }
                ],
                "mode": "READ_WRITE"
              }
            ],
            "created_at": "2025-11-04T19:47:38Z",
            "description": "",
            "filesystem": [],
            "folder_id": "b1g6lad38fhaqid0smqb",
            "fqdn": "fhmsmhhssm6fjlk2ts67.auto.internal",
            "gpu_cluster_id": "",
            "hardware_generation": [
              {
                "generation2_features": [],
                "legacy_features": [
                  {
                    "pci_topology": "PCI_TOPOLOGY_V2"
                  }
                ]
              }
            ],
            "hostname": "",
            "id": "fhmsmhhssm6fjlk2ts67",
            "labels": null,
            "local_disk": [],
            "maintenance_grace_period": "",
            "maintenance_policy": null,
            "metadata": {
              "ssh-keys": "ubuntu:ssh-ed25519 AAAAC3NzaC1lZDI1NTE5AAAAIFPAFMpUaALZ4JKufe13snUvH4t+avM3i1gvGNlmX8On codeby@kali",
              "user-data": "#cloud-config\npackages:\n  - nginx\n  - openssl\nruncmd:\n  - openssl req -x509 -nodes -days 365 -newkey rsa:2048 -keyout /etc/ssl/private/nginx-selfsigned.key -out /etc/ssl/certs/nginx-selfsigned.crt -subj \"/CN=localhost\"\n  - openssl dhparam -out /etc/ssl/certs/dhparam.pem 2048\n\n  - \u003e\n    cat \u003c\u003cEOF \u003e /etc/nginx/sites-available/default\n    server {\n        listen 443 ssl default_server;\n        listen [::]:443 ssl default_server;\n        ssl_certificate /etc/ssl/certs/nginx-selfsigned.crt;\n        ssl_certificate_key /etc/ssl/private/nginx-selfsigned.key;\n        ssl_dhparam /etc/ssl/certs/dhparam.pem;\n        ssl_protocols TLSv1.2 TLSv1.3;\n        ssl_ciphers HIGH:!aNULL:!MD5;\n\n        root /var/www/html;\n        index index.html;\n\n        server_name _;\n\n        location / {\n            try_files \\$uri \\$uri/ =404;\n        }\n    }\n    EOF\n\n  - systemctl enable nginx\n  - systemctl restart nginx\n"
            },
            "metadata_options": [
              {
                "aws_v1_http_endpoint": 1,
                "aws_v1_http_token": 2,
                "gce_http_endpoint": 1,
                "gce_http_token": 1
              }
            ],
            "name": "public-vm",
            "network_acceleration_type": "standard",
            "network_interface": [
              {
                "dns_record": [],
                "index": 0,
                "ip_address": "10.128.0.21",
                "ipv4": true,
                "ipv6": false,
                "ipv6_address": "",
                "ipv6_dns_record": [],
                "mac_address": "d0:0d:1c:b4:63:ce",
                "nat": true,
                "nat_dns_record": [],
                "nat_ip_address": "89.169.157.46",
                "nat_ip_version": "IPV4",
                "security_group_ids": [
                  "enps2apr8ihl6keof7q2"
                ],
                "subnet_id": "e9b2gqe0401d52ujvrjn"
              }
            ],
            "placement_policy": [
              {
                "host_affinity_rules": [],
                "placement_group_id": "",
                "placement_group_partition": 0
              }
            ],
            "platform_id": "standard-v3",
            "resources": [
              {
                "core_fraction": 100,
                "cores": 2,
                "gpus": 0,
                "memory": 2
              }
            ],
            "scheduling_policy": [
              {
                "preemptible": false
              }
            ],
            "secondary_disk": [],
            "service_account_id": "",
            "status": "running",
            "timeouts": null,
            "zone": "ru-central1-a"
          },
          "sensitive_attributes": [],
          "private": "eyJlMmJmYjczMC1lY2FhLTExZTYtOGY4OC0zNDM2M2JjN2M0YzAiOnsiY3JlYXRlIjozMDAwMDAwMDAwMDAsImRlbGV0ZSI6MzAwMDAwMDAwMDAwLCJ1cGRhdGUiOjMwMDAwMDAwMDAwMH0sInNjaGVtYV92ZXJzaW9uIjoiMSJ9",
          "dependencies": [
            "data.yandex_compute_image.ubuntu",
            "data.yandex_vpc_network.default",
            "data.yandex_vpc_subnet.public",
            "yandex_vpc_security_group.public_sg"
          ]
        }
      ]
    },
    {
      "mode": "managed",
      "type": "yandex_vpc_gateway",
      "name": "nat",
      "provider": "provider[\"registry.terraform.io/yandex-cloud/yandex\"]",
      "instances": [
        {
          "schema_version": 0,
          "attributes": {
            "created_at": "2025-11-04T18:24:13Z",
            "description": "",
            "folder_id": "b1g6lad38fhaqid0smqb",
            "id": "enpkq1hai03h6bvgsqfj",
            "labels": {},
            "name": "nat-gateway",
            "shared_egress_gateway": [
              {}
            ],
            "timeouts": null
          },
          "sensitive_attributes": [],
          "private": "eyJlMmJmYjczMC1lY2FhLTExZTYtOGY4OC0zNDM2M2JjN2M0YzAiOnsiY3JlYXRlIjo2MDAwMDAwMDAwMCwiZGVsZXRlIjo2MDAwMDAwMDAwMCwidXBkYXRlIjo2MDAwMDAwMDAwMH19"
        }
      ]
    },
    {
      "mode": "managed",
      "type": "yandex_vpc_route_table",
      "name": "private_rt",
      "provider": "provider[\"registry.terraform.io/yandex-cloud/yandex\"]",
      "instances": [
        {
          "schema_version": 0,
          "attributes": {
            "created_at": "2025-11-04T18:24:14Z",
            "description": "",
            "folder_id": "b1g6lad38fhaqid0smqb",
            "id": "enpsodrjno6lb47n7rkp",
            "labels": {},
            "name": "",
            "network_id": "enpqd47e0npk3t2ankg0",
            "static_route": [
              {
                "destination_prefix": "0.0.0.0/0",
                "gateway_id": "enpkq1hai03h6bvgsqfj",
                "next_hop_address": ""
              }
            ],
            "timeouts": null
          },
          "sensitive_attributes": [],
          "private": "eyJlMmJmYjczMC1lY2FhLTExZTYtOGY4OC0zNDM2M2JjN2M0YzAiOnsiY3JlYXRlIjoxODAwMDAwMDAwMDAsImRlbGV0ZSI6MTgwMDAwMDAwMDAwLCJ1cGRhdGUiOjE4MDAwMDAwMDAwMH19",
          "dependencies": [
            "data.yandex_vpc_network.default",
            "yandex_vpc_gateway.nat"
          ]
        }
      ]
    },
    {
      "mode": "managed",
      "type": "yandex_vpc_security_group",
      "name": "private_sg",
      "provider": "provider[\"registry.terraform.io/yandex-cloud/yandex\"]",
      "instances": [
        {
          "schema_version": 0,
          "attributes": {
            "created_at": "2025-11-04T00:00:51Z",
            "description": "",
            "egress": [],
            "folder_id": "b1g6lad38fhaqid0smqb",
            "id": "enp6gtfgbmb6j0ivosj2",
            "ingress": [
              {
                "description": "Allow HTTP from LAN",
                "from_port": -1,
                "id": "enpknncp16epnc0l3529",
                "labels": {},
                "port": 8080,
                "predefined_target": "",
                "protocol": "TCP",
                "security_group_id": "",
                "to_port": -1,
                "v4_cidr_blocks": [
                  "10.128.0.0/24"
                ],
                "v6_cidr_blocks": []
              },
              {
                "description": "Allow SSH from LAN",
                "from_port": -1,
                "id": "enp14tklssio1sis0g9p",
                "labels": {},
                "port": 22,
                "predefined_target": "",
                "protocol": "TCP",
                "security_group_id": "",
                "to_port": -1,
                "v4_cidr_blocks": [
                  "10.128.0.0/24"
                ],
                "v6_cidr_blocks": []
              }
            ],
            "labels": {},
            "name": "private-sg",
            "network_id": "enpqd47e0npk3t2ankg0",
            "status": "ACTIVE",
            "timeouts": null
          },
          "sensitive_attributes": [],
          "private": "eyJlMmJmYjczMC1lY2FhLTExZTYtOGY4OC0zNDM2M2JjN2M0YzAiOnsiY3JlYXRlIjoxODAwMDAwMDAwMDAsImRlbGV0ZSI6MTgwMDAwMDAwMDAwLCJ1cGRhdGUiOjE4MDAwMDAwMDAwMH19",
          "dependencies": [
            "data.yandex_vpc_network.default"
          ]
        }
      ]
    },
    {
      "mode": "managed",
      "type": "yandex_vpc_security_group",
      "name": "public_sg",
      "provider": "provider[\"registry.terraform.io/yandex-cloud/yandex\"]",
      "instances": [
        {
          "schema_version": 0,
          "attributes": {
            "created_at": "2025-11-04T00:00:56Z",
            "description": "",
            "egress": [
              {
                "description": "allow to internet",
                "from_port": 0,
                "id": "enp40fvc8q0kheg080lf",
                "labels": {},
                "port": -1,
                "predefined_target": "",
                "protocol": "TCP",
                "security_group_id": "",
                "to_port": 65535,
                "v4_cidr_blocks": [
                  "0.0.0.0/0"
                ],
                "v6_cidr_blocks": []
              }
            ],
            "folder_id": "b1g6lad38fhaqid0smqb",
            "id": "enps2apr8ihl6keof7q2",
            "ingress": [
              {
                "description": "Allow HTTPS from internet",
                "from_port": -1,
                "id": "enp8n8711rq9hdpf51j1",
                "labels": {},
                "port": 443,
                "predefined_target": "",
                "protocol": "TCP",
                "security_group_id": "",
                "to_port": -1,
                "v4_cidr_blocks": [
                  "0.0.0.0/0"
                ],
                "v6_cidr_blocks": []
              },
              {
                "description": "Allow SSH from internet",
                "from_port": -1,
                "id": "enpqvfv62i4ubhtksdoa",
                "labels": {},
                "port": 22,
                "predefined_target": "",
                "protocol": "TCP",
                "security_group_id": "",
                "to_port": -1,
                "v4_cidr_blocks": [
                  "0.0.0.0/0"
                ],
                "v6_cidr_blocks": []
              }
            ],
            "labels": {},
            "name": "public-sg",
            "network_id": "enpqd47e0npk3t2ankg0",
            "status": "ACTIVE",
            "timeouts": null
          },
          "sensitive_attributes": [],
          "private": "eyJlMmJmYjczMC1lY2FhLTExZTYtOGY4OC0zNDM2M2JjN2M0YzAiOnsiY3JlYXRlIjoxODAwMDAwMDAwMDAsImRlbGV0ZSI6MTgwMDAwMDAwMDAwLCJ1cGRhdGUiOjE4MDAwMDAwMDAwMH19",
          "dependencies": [
            "data.yandex_vpc_network.default"
          ]
        }
      ]
    }
  ],
  "check_results": null
}
