{
  "version": 4,
  "terraform_version": "1.6.3",
  "serial": 14,
  "lineage": "b9e26809-6b73-9ace-6b3b-2ae5bdeb827b",
  "outputs": {},
  "resources": [
    {
      "mode": "data",
      "type": "yandex_compute_image",
      "name": "ubuntu",
      "provider": "provider[\"registry.terraform.io/yandex-cloud/yandex\"]",
      "instances": [
        {
          "schema_version": 0,
          "attributes": {
            "created_at": "2025-11-03T11:07:06Z",
            "description": "Ubuntu 22.04 lts v20251024030416",
            "family": "ubuntu-2204-lts",
            "folder_id": "standard-images",
            "hardware_generation": [
              {
                "generation2_features": [],
                "legacy_features": [
                  {
                    "pci_topology": "PCI_TOPOLOGY_V2"
                  }
                ]
              }
            ],
            "id": "fd8afra9ojd21ihubhn2",
            "image_id": "fd8afra9ojd21ihubhn2",
            "kms_key_id": null,
            "labels": {
              "version": "20251024030416"
            },
            "min_disk_size": 8,
            "name": "ubuntu-22-04-lts-v20251103",
            "os_type": "linux",
            "pooled": true,
            "product_ids": [
              "f2evkhmnomfpae8gvrbe"
            ],
            "size": 2,
            "status": "ready"
          },
          "sensitive_attributes": []
        }
      ]
    },
    {
      "mode": "data",
      "type": "yandex_vpc_network",
      "name": "default",
      "provider": "provider[\"registry.terraform.io/yandex-cloud/yandex\"]",
      "instances": [
        {
          "schema_version": 0,
          "attributes": {
            "created_at": "2025-11-01T20:46:54Z",
            "default_security_group_id": "enp0gcf6j910oi8buoot",
            "description": "Auto-created network",
            "folder_id": "b1g49mnrsceenedt214u",
            "id": "enpvvgv8564od51649j0",
            "labels": {},
            "name": "default",
            "network_id": "enpvvgv8564od51649j0",
            "subnet_ids": [
              "e2lormdbs6cgksci4t70",
              "e9b627rn9ruhk5c0oesd",
              "e9bhoice770u85vohfs6",
              "e9bosoqlimi1bp3h80b3",
              "fl8aa1bkvcp2hqv61co7"
            ]
          },
          "sensitive_attributes": []
        }
      ]
    },
    {
      "mode": "managed",
      "type": "yandex_vpc_subnet",
      "name": "public",
      "provider": "provider[\"registry.terraform.io/yandex-cloud/yandex\"]",
      "instances": [
        {
          "schema_version": 0,
          "attributes": {
            "created_at": "2025-11-03T20:55:21Z",
            "description": "",
            "dhcp_options": [],
            "folder_id": "b1g49mnrsceenedt214u",
            "id": "e9b627rn9ruhk5c0oesd",
            "labels": {},
            "name": "public-subnet",
            "network_id": "enpvvgv8564od51649j0",
            "route_table_id": "",
            "timeouts": null,
            "v4_cidr_blocks": [
              "10.10.10.0/24"
            ],
            "v6_cidr_blocks": [],
            "zone": "ru-central1-a"
          },
          "sensitive_attributes": [],
          "private": "eyJlMmJmYjczMC1lY2FhLTExZTYtOGY4OC0zNDM2M2JjN2M0YzAiOnsiY3JlYXRlIjoxODAwMDAwMDAwMDAsImRlbGV0ZSI6MTgwMDAwMDAwMDAwLCJ1cGRhdGUiOjE4MDAwMDAwMDAwMH19",
          "dependencies": [
            "data.yandex_vpc_network.default"
          ]
        }
      ]
    }
  ],
  "check_results": null
}
